
Microsoft Visual Studio Solution File, Format Version 12.00
# Visual Studio Version 17
VisualStudioVersion = 17.3.32929.385
MinimumVisualStudioVersion = 10.0.40219.1
Project("{FAE04EC0-301F-11D3-BF4B-00C04F79EFBC}") = "Onetiu_Denisa_Lab2", "Onetiu_Denisa_Lab2.csproj", "{746A500F-63C2-4123-A11B-69E501ECC025}"
EndProject
Global
	GlobalSection(SolutionConfigurationPlatforms) = preSolution
		Debug|Any CPU = Debug|Any CPU
		Release|Any CPU = Release|Any CPU
	EndGlobalSection
	GlobalSection(ProjectConfigurationPlatforms) = postSolution
		{746A500F-63C2-4123-A11B-69E501ECC025}.Debug|Any CPU.ActiveCfg = Debug|Any CPU
		{746A500F-63C2-4123-A11B-69E501ECC025}.Debug|Any CPU.Build.0 = Debug|Any CPU
		{746A500F-63C2-4123-A11B-69E501ECC025}.Release|Any CPU.ActiveCfg = Release|Any CPU
		{746A500F-63C2-4123-A11B-69E501ECC025}.Release|Any CPU.Build.0 = Release|Any CPU
	EndGlobalSection
	GlobalSection(SolutionProperties) = preSolution
		HideSolutionNode = FALSE
	EndGlobalSection
	GlobalSection(ExtensibilityGlobals) = postSolution
		SolutionGuid = {4F54BB1F-B6BF-4A54-A779-9B474E5D32B4}
	EndGlobalSection
EndGlobal
